// !$*UTF8*$!
{
	archiveVersion = 1;
	classes = {
	};
	objectVersion = 56;
	objects = {

/* Begin PBXBuildFile section */
		07C0BFD02BE9F1EE00ECC72E /* main.cpp in Sources */ = {isa = PBXBuildFile; fileRef = 07C0BFCF2BE9F1EE00ECC72E /* main.cpp */; };
/* End PBXBuildFile section */

/* Begin PBXCopyFilesBuildPhase section */
		07C9F6A82BDBF5E800B4A909 /* CopyFiles */ = {
			isa = PBXCopyFilesBuildPhase;
			buildActionMask = 2147483647;
			dstPath = /usr/share/man/man1/;
			dstSubfolderSpec = 0;
			files = (
			);
			runOnlyForDeploymentPostprocessing = 1;
		};
/* End PBXCopyFilesBuildPhase section */

/* Begin PBXFileReference section */
		073ACD782BE0B031002DB53A /* main.cpp */ = {isa = PBXFileReference; lastKnownFileType = sourcecode.cpp.cpp; path = main.cpp; sourceTree = "<group>"; };
		076ED89A2BE201540025369C /* main.cpp */ = {isa = PBXFileReference; lastKnownFileType = sourcecode.cpp.cpp; path = main.cpp; sourceTree = "<group>"; };
		076ED89D2BE2020F0025369C /* main.cpp */ = {isa = PBXFileReference; lastKnownFileType = sourcecode.cpp.cpp; path = main.cpp; sourceTree = "<group>"; };
		076ED8A62BE362FA0025369C /* main.cpp */ = {isa = PBXFileReference; lastKnownFileType = sourcecode.cpp.cpp; path = main.cpp; sourceTree = "<group>"; };
		07760EE92BE77D8100BE524B /* main.cpp */ = {isa = PBXFileReference; lastKnownFileType = sourcecode.cpp.cpp; path = main.cpp; sourceTree = "<group>"; };
		07C0BFCF2BE9F1EE00ECC72E /* main.cpp */ = {isa = PBXFileReference; lastKnownFileType = sourcecode.cpp.cpp; path = main.cpp; sourceTree = "<group>"; };
		07C9F6AA2BDBF5E800B4A909 /* Algorithm */ = {isa = PBXFileReference; explicitFileType = "compiled.mach-o.executable"; includeInIndex = 0; path = Algorithm; sourceTree = BUILT_PRODUCTS_DIR; };
		07C9F6AD2BDBF5E800B4A909 /* main.cpp */ = {isa = PBXFileReference; lastKnownFileType = sourcecode.cpp.cpp; path = main.cpp; sourceTree = "<group>"; };
		07C9F6BA2BDBF95D00B4A909 /* main.cpp */ = {isa = PBXFileReference; lastKnownFileType = sourcecode.cpp.cpp; path = main.cpp; sourceTree = "<group>"; };
/* End PBXFileReference section */

/* Begin PBXFrameworksBuildPhase section */
		07C9F6A72BDBF5E800B4A909 /* Frameworks */ = {
			isa = PBXFrameworksBuildPhase;
			buildActionMask = 2147483647;
			files = (
			);
			runOnlyForDeploymentPostprocessing = 0;
		};
/* End PBXFrameworksBuildPhase section */

/* Begin PBXGroup section */
		073ACD772BE0B021002DB53A /* [1001] */ = {
			isa = PBXGroup;
			children = (
				073ACD782BE0B031002DB53A /* main.cpp */,
			);
			path = "[1001]";
			sourceTree = "<group>";
		};
		076ED8992BE201480025369C /* [10998] */ = {
			isa = PBXGroup;
			children = (
				076ED89A2BE201540025369C /* main.cpp */,
			);
			path = "[10998]";
			sourceTree = "<group>";
		};
		076ED89C2BE202040025369C /* [1008] */ = {
			isa = PBXGroup;
			children = (
				076ED89D2BE2020F0025369C /* main.cpp */,
			);
			path = "[1008]";
			sourceTree = "<group>";
		};
		076ED8A52BE362E30025369C /* [10869] */ = {
			isa = PBXGroup;
			children = (
				076ED8A62BE362FA0025369C /* main.cpp */,
			);
			path = "[10869]";
			sourceTree = "<group>";
		};
		07760EE82BE77D7300BE524B /* [10926] */ = {
			isa = PBXGroup;
			children = (
				07760EE92BE77D8100BE524B /* main.cpp */,
			);
			path = "[10926]";
			sourceTree = "<group>";
		};
		07C0BFCE2BE9F1E100ECC72E /* [18108] */ = {
			isa = PBXGroup;
			children = (
				07C0BFCF2BE9F1EE00ECC72E /* main.cpp */,
			);
			path = "[18108]";
			sourceTree = "<group>";
		};
		07C9F6A12BDBF5E800B4A909 = {
			isa = PBXGroup;
			children = (
				07C9F6AC2BDBF5E800B4A909 /* Algorithm */,
				07C9F6AB2BDBF5E800B4A909 /* Products */,
			);
			sourceTree = "<group>";
		};
		07C9F6AB2BDBF5E800B4A909 /* Products */ = {
			isa = PBXGroup;
			children = (
				07C9F6AA2BDBF5E800B4A909 /* Algorithm */,
			);
			name = Products;
			sourceTree = "<group>";
		};
		07C9F6AC2BDBF5E800B4A909 /* Algorithm */ = {
			isa = PBXGroup;
			children = (
				07C9F6B52BDBF85700B4A909 /* BaekJoon */,
			);
			path = Algorithm;
			sourceTree = "<group>";
		};
		07C9F6B42BDBF81600B4A909 /* Bronze */ = {
			isa = PBXGroup;
			children = (
				07C0BFCE2BE9F1E100ECC72E /* [18108] */,
				07760EE82BE77D7300BE524B /* [10926] */,
				076ED8A52BE362E30025369C /* [10869] */,
				076ED89C2BE202040025369C /* [1008] */,
				076ED8992BE201480025369C /* [10998] */,
				073ACD772BE0B021002DB53A /* [1001] */,
				07C9F6B72BDBF93000B4A909 /* [1000] */,
				07C9F6B62BDBF87600B4A909 /* [2557] */,
			);
			path = Bronze;
			sourceTree = "<group>";
		};
		07C9F6B52BDBF85700B4A909 /* BaekJoon */ = {
			isa = PBXGroup;
			children = (
				07C9F6B42BDBF81600B4A909 /* Bronze */,
			);
			path = BaekJoon;
			sourceTree = "<group>";
		};
		07C9F6B62BDBF87600B4A909 /* [2557] */ = {
			isa = PBXGroup;
			children = (
				07C9F6AD2BDBF5E800B4A909 /* main.cpp */,
			);
			path = "[2557]";
			sourceTree = "<group>";
		};
		07C9F6B72BDBF93000B4A909 /* [1000] */ = {
			isa = PBXGroup;
			children = (
				07C9F6BA2BDBF95D00B4A909 /* main.cpp */,
			);
			path = "[1000]";
			sourceTree = "<group>";
		};
/* End PBXGroup section */

/* Begin PBXNativeTarget section */
		07C9F6A92BDBF5E800B4A909 /* Algorithm */ = {
			isa = PBXNativeTarget;
			buildConfigurationList = 07C9F6B12BDBF5E800B4A909 /* Build configuration list for PBXNativeTarget "Algorithm" */;
			buildPhases = (
				07C9F6A62BDBF5E800B4A909 /* Sources */,
				07C9F6A72BDBF5E800B4A909 /* Frameworks */,
				07C9F6A82BDBF5E800B4A909 /* CopyFiles */,
			);
			buildRules = (
			);
			dependencies = (
			);
			name = Algorithm;
			productName = Algorithm;
			productReference = 07C9F6AA2BDBF5E800B4A909 /* Algorithm */;
			productType = "com.apple.product-type.tool";
		};
/* End PBXNativeTarget section */

/* Begin PBXProject section */
		07C9F6A22BDBF5E800B4A909 /* Project object */ = {
			isa = PBXProject;
			attributes = {
				BuildIndependentTargetsInParallel = 1;
				LastUpgradeCheck = 1530;
				TargetAttributes = {
					07C9F6A92BDBF5E800B4A909 = {
						CreatedOnToolsVersion = 15.3;
					};
				};
			};
			buildConfigurationList = 07C9F6A52BDBF5E800B4A909 /* Build configuration list for PBXProject "Algorithm" */;
			compatibilityVersion = "Xcode 14.0";
			developmentRegion = en;
			hasScannedForEncodings = 0;
			knownRegions = (
				en,
				Base,
			);
			mainGroup = 07C9F6A12BDBF5E800B4A909;
			productRefGroup = 07C9F6AB2BDBF5E800B4A909 /* Products */;
			projectDirPath = "";
			projectRoot = "";
			targets = (
				07C9F6A92BDBF5E800B4A909 /* Algorithm */,
			);
		};
/* End PBXProject section */

/* Begin PBXSourcesBuildPhase section */
		07C9F6A62BDBF5E800B4A909 /* Sources */ = {
			isa = PBXSourcesBuildPhase;
			buildActionMask = 2147483647;
			files = (
				07C0BFD02BE9F1EE00ECC72E /* main.cpp in Sources */,
			);
			runOnlyForDeploymentPostprocessing = 0;
		};
/* End PBXSourcesBuildPhase section */

/* Begin XCBuildConfiguration section */
		07C9F6AF2BDBF5E800B4A909 /* Debug */ = {
			isa = XCBuildConfiguration;
			buildSettings = {
				ALWAYS_SEARCH_USER_PATHS = NO;
				ASSETCATALOG_COMPILER_GENERATE_SWIFT_ASSET_SYMBOL_EXTENSIONS = YES;
				CLANG_ANALYZER_NONNULL = YES;
				CLANG_ANALYZER_NUMBER_OBJECT_CONVERSION = YES_AGGRESSIVE;
				CLANG_CXX_LANGUAGE_STANDARD = "gnu++20";
				CLANG_ENABLE_MODULES = YES;
				CLANG_ENABLE_OBJC_ARC = YES;
				CLANG_ENABLE_OBJC_WEAK = YES;
				CLANG_WARN_BLOCK_CAPTURE_AUTORELEASING = YES;
				CLANG_WARN_BOOL_CONVERSION = YES;
				CLANG_WARN_COMMA = YES;
				CLANG_WARN_CONSTANT_CONVERSION = YES;
				CLANG_WARN_DEPRECATED_OBJC_IMPLEMENTATIONS = YES;
				CLANG_WARN_DIRECT_OBJC_ISA_USAGE = YES_ERROR;
				CLANG_WARN_DOCUMENTATION_COMMENTS = YES;
				CLANG_WARN_EMPTY_BODY = YES;
				CLANG_WARN_ENUM_CONVERSION = YES;
				CLANG_WARN_INFINITE_RECURSION = YES;
				CLANG_WARN_INT_CONVERSION = YES;
				CLANG_WARN_NON_LITERAL_NULL_CONVERSION = YES;
				CLANG_WARN_OBJC_IMPLICIT_RETAIN_SELF = YES;
				CLANG_WARN_OBJC_LITERAL_CONVERSION = YES;
				CLANG_WARN_OBJC_ROOT_CLASS = YES_ERROR;
				CLANG_WARN_QUOTED_INCLUDE_IN_FRAMEWORK_HEADER = YES;
				CLANG_WARN_RANGE_LOOP_ANALYSIS = YES;
				CLANG_WARN_STRICT_PROTOTYPES = YES;
				CLANG_WARN_SUSPICIOUS_MOVE = YES;
				CLANG_WARN_UNGUARDED_AVAILABILITY = YES_AGGRESSIVE;
				CLANG_WARN_UNREACHABLE_CODE = YES;
				CLANG_WARN__DUPLICATE_METHOD_MATCH = YES;
				COPY_PHASE_STRIP = NO;
				DEBUG_INFORMATION_FORMAT = dwarf;
				ENABLE_STRICT_OBJC_MSGSEND = YES;
				ENABLE_TESTABILITY = YES;
				ENABLE_USER_SCRIPT_SANDBOXING = YES;
				GCC_C_LANGUAGE_STANDARD = gnu17;
				GCC_DYNAMIC_NO_PIC = NO;
				GCC_NO_COMMON_BLOCKS = YES;
				GCC_OPTIMIZATION_LEVEL = 0;
				GCC_PREPROCESSOR_DEFINITIONS = (
					"DEBUG=1",
					"$(inherited)",
				);
				GCC_WARN_64_TO_32_BIT_CONVERSION = YES;
				GCC_WARN_ABOUT_RETURN_TYPE = YES_ERROR;
				GCC_WARN_UNDECLARED_SELECTOR = YES;
				GCC_WARN_UNINITIALIZED_AUTOS = YES_AGGRESSIVE;
				GCC_WARN_UNUSED_FUNCTION = YES;
				GCC_WARN_UNUSED_VARIABLE = YES;
				LOCALIZATION_PREFERS_STRING_CATALOGS = YES;
				MACOSX_DEPLOYMENT_TARGET = 14.1;
				MTL_ENABLE_DEBUG_INFO = INCLUDE_SOURCE;
				MTL_FAST_MATH = YES;
				ONLY_ACTIVE_ARCH = YES;
				SDKROOT = macosx;
			};
			name = Debug;
		};
		07C9F6B02BDBF5E800B4A909 /* Release */ = {
			isa = XCBuildConfiguration;
			buildSettings = {
				ALWAYS_SEARCH_USER_PATHS = NO;
				ASSETCATALOG_COMPILER_GENERATE_SWIFT_ASSET_SYMBOL_EXTENSIONS = YES;
				CLANG_ANALYZER_NONNULL = YES;
				CLANG_ANALYZER_NUMBER_OBJECT_CONVERSION = YES_AGGRESSIVE;
				CLANG_CXX_LANGUAGE_STANDARD = "gnu++20";
				CLANG_ENABLE_MODULES = YES;
				CLANG_ENABLE_OBJC_ARC = YES;
				CLANG_ENABLE_OBJC_WEAK = YES;
				CLANG_WARN_BLOCK_CAPTURE_AUTORELEASING = YES;
				CLANG_WARN_BOOL_CONVERSION = YES;
				CLANG_WARN_COMMA = YES;
				CLANG_WARN_CONSTANT_CONVERSION = YES;
				CLANG_WARN_DEPRECATED_OBJC_IMPLEMENTATIONS = YES;
				CLANG_WARN_DIRECT_OBJC_ISA_USAGE = YES_ERROR;
				CLANG_WARN_DOCUMENTATION_COMMENTS = YES;
				CLANG_WARN_EMPTY_BODY = YES;
				CLANG_WARN_ENUM_CONVERSION = YES;
				CLANG_WARN_INFINITE_RECURSION = YES;
				CLANG_WARN_INT_CONVERSION = YES;
				CLANG_WARN_NON_LITERAL_NULL_CONVERSION = YES;
				CLANG_WARN_OBJC_IMPLICIT_RETAIN_SELF = YES;
				CLANG_WARN_OBJC_LITERAL_CONVERSION = YES;
				CLANG_WARN_OBJC_ROOT_CLASS = YES_ERROR;
				CLANG_WARN_QUOTED_INCLUDE_IN_FRAMEWORK_HEADER = YES;
				CLANG_WARN_RANGE_LOOP_ANALYSIS = YES;
				CLANG_WARN_STRICT_PROTOTYPES = YES;
				CLANG_WARN_SUSPICIOUS_MOVE = YES;
				CLANG_WARN_UNGUARDED_AVAILABILITY = YES_AGGRESSIVE;
				CLANG_WARN_UNREACHABLE_CODE = YES;
				CLANG_WARN__DUPLICATE_METHOD_MATCH = YES;
				COPY_PHASE_STRIP = NO;
				DEBUG_INFORMATION_FORMAT = "dwarf-with-dsym";
				ENABLE_NS_ASSERTIONS = NO;
				ENABLE_STRICT_OBJC_MSGSEND = YES;
				ENABLE_USER_SCRIPT_SANDBOXING = YES;
				GCC_C_LANGUAGE_STANDARD = gnu17;
				GCC_NO_COMMON_BLOCKS = YES;
				GCC_WARN_64_TO_32_BIT_CONVERSION = YES;
				GCC_WARN_ABOUT_RETURN_TYPE = YES_ERROR;
				GCC_WARN_UNDECLARED_SELECTOR = YES;
				GCC_WARN_UNINITIALIZED_AUTOS = YES_AGGRESSIVE;
				GCC_WARN_UNUSED_FUNCTION = YES;
				GCC_WARN_UNUSED_VARIABLE = YES;
				LOCALIZATION_PREFERS_STRING_CATALOGS = YES;
				MACOSX_DEPLOYMENT_TARGET = 14.1;
				MTL_ENABLE_DEBUG_INFO = NO;
				MTL_FAST_MATH = YES;
				SDKROOT = macosx;
			};
			name = Release;
		};
		07C9F6B22BDBF5E800B4A909 /* Debug */ = {
			isa = XCBuildConfiguration;
			buildSettings = {
				CODE_SIGN_STYLE = Automatic;
				DEVELOPMENT_TEAM = VGKCD7Q8NW;
				ENABLE_HARDENED_RUNTIME = YES;
				PRODUCT_NAME = "$(TARGET_NAME)";
			};
			name = Debug;
		};
		07C9F6B32BDBF5E800B4A909 /* Release */ = {
			isa = XCBuildConfiguration;
			buildSettings = {
				CODE_SIGN_STYLE = Automatic;
				DEVELOPMENT_TEAM = VGKCD7Q8NW;
				ENABLE_HARDENED_RUNTIME = YES;
				PRODUCT_NAME = "$(TARGET_NAME)";
			};
			name = Release;
		};
/* End XCBuildConfiguration section */

/* Begin XCConfigurationList section */
		07C9F6A52BDBF5E800B4A909 /* Build configuration list for PBXProject "Algorithm" */ = {
			isa = XCConfigurationList;
			buildConfigurations = (
				07C9F6AF2BDBF5E800B4A909 /* Debug */,
				07C9F6B02BDBF5E800B4A909 /* Release */,
			);
			defaultConfigurationIsVisible = 0;
			defaultConfigurationName = Release;
		};
		07C9F6B12BDBF5E800B4A909 /* Build configuration list for PBXNativeTarget "Algorithm" */ = {
			isa = XCConfigurationList;
			buildConfigurations = (
				07C9F6B22BDBF5E800B4A909 /* Debug */,
				07C9F6B32BDBF5E800B4A909 /* Release */,
			);
			defaultConfigurationIsVisible = 0;
			defaultConfigurationName = Release;
		};
/* End XCConfigurationList section */
	};
	rootObject = 07C9F6A22BDBF5E800B4A909 /* Project object */;
}
