// !$*UTF8*$!
{
	archiveVersion = 1;
	classes = {
	};
	objectVersion = 56;
	objects = {

/* Begin PBXBuildFile section */
		070CC4672C3BD464005E4CEC /* main.cpp in Sources */ = {isa = PBXBuildFile; fileRef = 070CC4662C3BD464005E4CEC /* main.cpp */; };
/* End PBXBuildFile section */

/* Begin PBXCopyFilesBuildPhase section */
		07C9F6A82BDBF5E800B4A909 /* CopyFiles */ = {
			isa = PBXCopyFilesBuildPhase;
			buildActionMask = 2147483647;
			dstPath = /usr/share/man/man1/;
			dstSubfolderSpec = 0;
			files = (
			);
			runOnlyForDeploymentPostprocessing = 1;
		};
/* End PBXCopyFilesBuildPhase section */

/* Begin PBXFileReference section */
		070CC4662C3BD464005E4CEC /* main.cpp */ = {isa = PBXFileReference; lastKnownFileType = sourcecode.cpp.cpp; path = main.cpp; sourceTree = "<group>"; };
		07118AC72C1A93490042A157 /* main.cpp */ = {isa = PBXFileReference; lastKnownFileType = sourcecode.cpp.cpp; path = main.cpp; sourceTree = "<group>"; };
		07118ACD2C1C84C80042A157 /* main.cpp */ = {isa = PBXFileReference; lastKnownFileType = sourcecode.cpp.cpp; path = main.cpp; sourceTree = "<group>"; };
		07118AD32C1D37C70042A157 /* main.cpp */ = {isa = PBXFileReference; lastKnownFileType = sourcecode.cpp.cpp; path = main.cpp; sourceTree = "<group>"; };
		07118AD62C1F2CD50042A157 /* main.cpp */ = {isa = PBXFileReference; lastKnownFileType = sourcecode.cpp.cpp; path = main.cpp; sourceTree = "<group>"; };
		07118AD92C1FECA40042A157 /* main.cpp */ = {isa = PBXFileReference; lastKnownFileType = sourcecode.cpp.cpp; path = main.cpp; sourceTree = "<group>"; };
		07118AE22C22819B0042A157 /* main.cpp */ = {isa = PBXFileReference; lastKnownFileType = sourcecode.cpp.cpp; path = main.cpp; sourceTree = "<group>"; };
		07155C112C27EBF800F56730 /* main.cpp */ = {isa = PBXFileReference; lastKnownFileType = sourcecode.cpp.cpp; path = main.cpp; sourceTree = "<group>"; };
		071F43EE2C24644F00BD880A /* main.cpp */ = {isa = PBXFileReference; lastKnownFileType = sourcecode.cpp.cpp; path = main.cpp; sourceTree = "<group>"; };
		07231D2A2C3595C4006BFE03 /* main.cpp */ = {isa = PBXFileReference; lastKnownFileType = sourcecode.cpp.cpp; path = main.cpp; sourceTree = "<group>"; };
		07231D2D2C36E604006BFE03 /* main.cpp */ = {isa = PBXFileReference; lastKnownFileType = sourcecode.cpp.cpp; path = main.cpp; sourceTree = "<group>"; };
		0724839E2C00623C00403D21 /* main.cpp */ = {isa = PBXFileReference; lastKnownFileType = sourcecode.cpp.cpp; path = main.cpp; sourceTree = "<group>"; };
		072A62AC2BF0B52B009AE73B /* main.cpp */ = {isa = PBXFileReference; lastKnownFileType = sourcecode.cpp.cpp; path = main.cpp; sourceTree = "<group>"; };
		073ACD782BE0B031002DB53A /* main.cpp */ = {isa = PBXFileReference; lastKnownFileType = sourcecode.cpp.cpp; path = main.cpp; sourceTree = "<group>"; };
		073B384B2BFB94EC00244F2C /* main.cpp */ = {isa = PBXFileReference; lastKnownFileType = sourcecode.cpp.cpp; path = main.cpp; sourceTree = "<group>"; };
		073B384E2BFC62F100244F2C /* main.cpp */ = {isa = PBXFileReference; lastKnownFileType = sourcecode.cpp.cpp; path = main.cpp; sourceTree = "<group>"; };
		073B385B2BFDAA7D00244F2C /* main.cpp */ = {isa = PBXFileReference; lastKnownFileType = sourcecode.cpp.cpp; path = main.cpp; sourceTree = "<group>"; };
		073B38642BFF211200244F2C /* main.cpp */ = {isa = PBXFileReference; lastKnownFileType = sourcecode.cpp.cpp; path = main.cpp; sourceTree = "<group>"; };
		0744256E2C11DF490037C0DA /* main.cpp */ = {isa = PBXFileReference; lastKnownFileType = sourcecode.cpp.cpp; path = main.cpp; sourceTree = "<group>"; };
		074425742C1295710037C0DA /* main.cpp */ = {isa = PBXFileReference; lastKnownFileType = sourcecode.cpp.cpp; path = main.cpp; sourceTree = "<group>"; };
		074A191E2C3854240046EB91 /* main.cpp */ = {isa = PBXFileReference; lastKnownFileType = sourcecode.cpp.cpp; path = main.cpp; sourceTree = "<group>"; };
		074A7F992C05B7F200846938 /* main.cpp */ = {isa = PBXFileReference; lastKnownFileType = sourcecode.cpp.cpp; path = main.cpp; sourceTree = "<group>"; };
		074A7FA82C0B21DF00846938 /* main.cpp */ = {isa = PBXFileReference; lastKnownFileType = sourcecode.cpp.cpp; path = main.cpp; sourceTree = "<group>"; };
		074A7FAE2C0C6ACA00846938 /* main.cpp */ = {isa = PBXFileReference; lastKnownFileType = sourcecode.cpp.cpp; path = main.cpp; sourceTree = "<group>"; };
		074A7FB42C0D2C0600846938 /* main.cpp */ = {isa = PBXFileReference; lastKnownFileType = sourcecode.cpp.cpp; path = main.cpp; sourceTree = "<group>"; };
		0766BAF02C2960280088225F /* main.cpp */ = {isa = PBXFileReference; lastKnownFileType = sourcecode.cpp.cpp; path = main.cpp; sourceTree = "<group>"; };
		076B3E0F2BF4A48000D512BD /* main.cpp */ = {isa = PBXFileReference; lastKnownFileType = sourcecode.cpp.cpp; path = main.cpp; sourceTree = "<group>"; };
		076ED89A2BE201540025369C /* main.cpp */ = {isa = PBXFileReference; lastKnownFileType = sourcecode.cpp.cpp; path = main.cpp; sourceTree = "<group>"; };
		076ED89D2BE2020F0025369C /* main.cpp */ = {isa = PBXFileReference; lastKnownFileType = sourcecode.cpp.cpp; path = main.cpp; sourceTree = "<group>"; };
		076ED8A62BE362FA0025369C /* main.cpp */ = {isa = PBXFileReference; lastKnownFileType = sourcecode.cpp.cpp; path = main.cpp; sourceTree = "<group>"; };
		07760EE92BE77D8100BE524B /* main.cpp */ = {isa = PBXFileReference; lastKnownFileType = sourcecode.cpp.cpp; path = main.cpp; sourceTree = "<group>"; };
		07A1A63A2C0226FE00D2D56B /* main.cpp */ = {isa = PBXFileReference; lastKnownFileType = sourcecode.cpp.cpp; path = main.cpp; sourceTree = "<group>"; };
		07A1A63D2C0342D700D2D56B /* main.cpp */ = {isa = PBXFileReference; lastKnownFileType = sourcecode.cpp.cpp; path = main.cpp; sourceTree = "<group>"; };
		07B85B5D2BEB3A1A00F0A028 /* main.cpp */ = {isa = PBXFileReference; lastKnownFileType = sourcecode.cpp.cpp; path = main.cpp; sourceTree = "<group>"; };
		07B85B6C2BEE053900F0A028 /* main.cpp */ = {isa = PBXFileReference; lastKnownFileType = sourcecode.cpp.cpp; path = main.cpp; sourceTree = "<group>"; };
		07BB76122BF9E4B0008EA6D1 /* main.cpp */ = {isa = PBXFileReference; lastKnownFileType = sourcecode.cpp.cpp; path = main.cpp; sourceTree = "<group>"; };
		07C0BFCF2BE9F1EE00ECC72E /* main.cpp */ = {isa = PBXFileReference; lastKnownFileType = sourcecode.cpp.cpp; path = main.cpp; sourceTree = "<group>"; };
		07C9F6AA2BDBF5E800B4A909 /* Algorithm */ = {isa = PBXFileReference; explicitFileType = "compiled.mach-o.executable"; includeInIndex = 0; path = Algorithm; sourceTree = BUILT_PRODUCTS_DIR; };
		07C9F6AD2BDBF5E800B4A909 /* main.cpp */ = {isa = PBXFileReference; lastKnownFileType = sourcecode.cpp.cpp; path = main.cpp; sourceTree = "<group>"; };
		07C9F6BA2BDBF95D00B4A909 /* main.cpp */ = {isa = PBXFileReference; lastKnownFileType = sourcecode.cpp.cpp; path = main.cpp; sourceTree = "<group>"; };
		07DA1D1C2C26DE6B00C7D52F /* main.cpp */ = {isa = PBXFileReference; lastKnownFileType = sourcecode.cpp.cpp; path = main.cpp; sourceTree = "<group>"; };
		07F6D6A72C2558D20036D2E1 /* main.cpp */ = {isa = PBXFileReference; lastKnownFileType = sourcecode.cpp.cpp; path = main.cpp; sourceTree = "<group>"; };
/* End PBXFileReference section */

/* Begin PBXFrameworksBuildPhase section */
		07C9F6A72BDBF5E800B4A909 /* Frameworks */ = {
			isa = PBXFrameworksBuildPhase;
			buildActionMask = 2147483647;
			files = (
			);
			runOnlyForDeploymentPostprocessing = 0;
		};
/* End PBXFrameworksBuildPhase section */

/* Begin PBXGroup section */
		070CC4652C3BD45A005E4CEC /* [2743] */ = {
			isa = PBXGroup;
			children = (
				070CC4662C3BD464005E4CEC /* main.cpp */,
			);
			path = "[2743]";
			sourceTree = "<group>";
		};
		07118AC62C1A93390042A157 /* [2438] */ = {
			isa = PBXGroup;
			children = (
				07118AC72C1A93490042A157 /* main.cpp */,
			);
			path = "[2438]";
			sourceTree = "<group>";
		};
		07118ACC2C1C849C0042A157 /* [2439] */ = {
			isa = PBXGroup;
			children = (
				07118ACD2C1C84C80042A157 /* main.cpp */,
			);
			path = "[2439]";
			sourceTree = "<group>";
		};
		07118AD22C1D37BB0042A157 /* [10952] */ = {
			isa = PBXGroup;
			children = (
				07118AD32C1D37C70042A157 /* main.cpp */,
			);
			path = "[10952]";
			sourceTree = "<group>";
		};
		07118AD52C1F2CCC0042A157 /* [10807] */ = {
			isa = PBXGroup;
			children = (
				07118AD62C1F2CD50042A157 /* main.cpp */,
			);
			path = "[10807]";
			sourceTree = "<group>";
		};
		07118AD82C1FEC940042A157 /* [10871] */ = {
			isa = PBXGroup;
			children = (
				07118AD92C1FECA40042A157 /* main.cpp */,
			);
			path = "[10871]";
			sourceTree = "<group>";
		};
		07118AE12C22817E0042A157 /* [10818] */ = {
			isa = PBXGroup;
			children = (
				07118AE22C22819B0042A157 /* main.cpp */,
			);
			path = "[10818]";
			sourceTree = "<group>";
		};
		07155C102C27EBEE00F56730 /* [5597] */ = {
			isa = PBXGroup;
			children = (
				07155C112C27EBF800F56730 /* main.cpp */,
			);
			path = "[5597]";
			sourceTree = "<group>";
		};
		071F43ED2C24644200BD880A /* [2562] */ = {
			isa = PBXGroup;
			children = (
				071F43EE2C24644F00BD880A /* main.cpp */,
			);
			path = "[2562]";
			sourceTree = "<group>";
		};
		07231D292C3595B8006BFE03 /* [10811] */ = {
			isa = PBXGroup;
			children = (
				07231D2A2C3595C4006BFE03 /* main.cpp */,
			);
			path = "[10811]";
			sourceTree = "<group>";
		};
		07231D2C2C36E5F6006BFE03 /* [1546] */ = {
			isa = PBXGroup;
			children = (
				07231D2D2C36E604006BFE03 /* main.cpp */,
			);
			path = "[1546]";
			sourceTree = "<group>";
		};
		0724839D2C00622B00403D21 /* [2480] */ = {
			isa = PBXGroup;
			children = (
				0724839E2C00623C00403D21 /* main.cpp */,
			);
			path = "[2480]";
			sourceTree = "<group>";
		};
		072A62AB2BF0B51E009AE73B /* [11382] */ = {
			isa = PBXGroup;
			children = (
				072A62AC2BF0B52B009AE73B /* main.cpp */,
			);
			path = "[11382]";
			sourceTree = "<group>";
		};
		073ACD772BE0B021002DB53A /* [1001] */ = {
			isa = PBXGroup;
			children = (
				073ACD782BE0B031002DB53A /* main.cpp */,
			);
			path = "[1001]";
			sourceTree = "<group>";
		};
		073B384A2BFB94DC00244F2C /* [2753] */ = {
			isa = PBXGroup;
			children = (
				073B384B2BFB94EC00244F2C /* main.cpp */,
			);
			path = "[2753]";
			sourceTree = "<group>";
		};
		073B384D2BFC62E700244F2C /* [14681] */ = {
			isa = PBXGroup;
			children = (
				073B384E2BFC62F100244F2C /* main.cpp */,
			);
			path = "[14681]";
			sourceTree = "<group>";
		};
		073B385A2BFDAA6F00244F2C /* [2884] */ = {
			isa = PBXGroup;
			children = (
				073B385B2BFDAA7D00244F2C /* main.cpp */,
			);
			path = "[2884]";
			sourceTree = "<group>";
		};
		073B38632BFF210800244F2C /* [2525] */ = {
			isa = PBXGroup;
			children = (
				073B38642BFF211200244F2C /* main.cpp */,
			);
			path = "[2525]";
			sourceTree = "<group>";
		};
		0744256D2C11DF3D0037C0DA /* [11021] */ = {
			isa = PBXGroup;
			children = (
				0744256E2C11DF490037C0DA /* main.cpp */,
			);
			path = "[11021]";
			sourceTree = "<group>";
		};
		074425732C1295680037C0DA /* [11022] */ = {
			isa = PBXGroup;
			children = (
				074425742C1295710037C0DA /* main.cpp */,
			);
			path = "[11022]";
			sourceTree = "<group>";
		};
		074A191C2C38540C0046EB91 /* [27866] */ = {
			isa = PBXGroup;
			children = (
				074A191E2C3854240046EB91 /* main.cpp */,
			);
			path = "[27866]";
			sourceTree = "<group>";
		};
		074A7F982C05B7C200846938 /* [8393] */ = {
			isa = PBXGroup;
			children = (
				074A7F992C05B7F200846938 /* main.cpp */,
			);
			path = "[8393]";
			sourceTree = "<group>";
		};
		074A7FA72C0B21D300846938 /* [25304] */ = {
			isa = PBXGroup;
			children = (
				074A7FA82C0B21DF00846938 /* main.cpp */,
			);
			path = "[25304]";
			sourceTree = "<group>";
		};
		074A7FAD2C0C6AC100846938 /* [25314] */ = {
			isa = PBXGroup;
			children = (
				074A7FAE2C0C6ACA00846938 /* main.cpp */,
			);
			path = "[25314]";
			sourceTree = "<group>";
		};
		074A7FB32C0D2BF800846938 /* [15552] */ = {
			isa = PBXGroup;
			children = (
				074A7FB42C0D2C0600846938 /* main.cpp */,
			);
			path = "[15552]";
			sourceTree = "<group>";
		};
		0766BAEF2C29601C0088225F /* [3052] */ = {
			isa = PBXGroup;
			children = (
				0766BAF02C2960280088225F /* main.cpp */,
			);
			path = "[3052]";
			sourceTree = "<group>";
		};
		076B3E0E2BF4A47200D512BD /* [1330] */ = {
			isa = PBXGroup;
			children = (
				076B3E0F2BF4A48000D512BD /* main.cpp */,
			);
			path = "[1330]";
			sourceTree = "<group>";
		};
		076ED8992BE201480025369C /* [10998] */ = {
			isa = PBXGroup;
			children = (
				076ED89A2BE201540025369C /* main.cpp */,
			);
			path = "[10998]";
			sourceTree = "<group>";
		};
		076ED89C2BE202040025369C /* [1008] */ = {
			isa = PBXGroup;
			children = (
				076ED89D2BE2020F0025369C /* main.cpp */,
			);
			path = "[1008]";
			sourceTree = "<group>";
		};
		076ED8A52BE362E30025369C /* [10869] */ = {
			isa = PBXGroup;
			children = (
				076ED8A62BE362FA0025369C /* main.cpp */,
			);
			path = "[10869]";
			sourceTree = "<group>";
		};
		07760EE82BE77D7300BE524B /* [10926] */ = {
			isa = PBXGroup;
			children = (
				07760EE92BE77D8100BE524B /* main.cpp */,
			);
			path = "[10926]";
			sourceTree = "<group>";
		};
		07A1A6392C0226F000D2D56B /* [2739] */ = {
			isa = PBXGroup;
			children = (
				07A1A63A2C0226FE00D2D56B /* main.cpp */,
			);
			path = "[2739]";
			sourceTree = "<group>";
		};
		07A1A63C2C0342CE00D2D56B /* [10950] */ = {
			isa = PBXGroup;
			children = (
				07A1A63D2C0342D700D2D56B /* main.cpp */,
			);
			path = "[10950]";
			sourceTree = "<group>";
		};
		07B85B5C2BEB3A0E00F0A028 /* [10430] */ = {
			isa = PBXGroup;
			children = (
				07B85B5D2BEB3A1A00F0A028 /* main.cpp */,
			);
			path = "[10430]";
			sourceTree = "<group>";
		};
		07B85B6B2BEE052900F0A028 /* [2588] */ = {
			isa = PBXGroup;
			children = (
				07B85B6C2BEE053900F0A028 /* main.cpp */,
			);
			path = "[2588]";
			sourceTree = "<group>";
		};
		07BB76112BF9E4A3008EA6D1 /* [9498] */ = {
			isa = PBXGroup;
			children = (
				07BB76122BF9E4B0008EA6D1 /* main.cpp */,
			);
			path = "[9498]";
			sourceTree = "<group>";
		};
		07C0BFCE2BE9F1E100ECC72E /* [18108] */ = {
			isa = PBXGroup;
			children = (
				07C0BFCF2BE9F1EE00ECC72E /* main.cpp */,
			);
			path = "[18108]";
			sourceTree = "<group>";
		};
		07C9F6A12BDBF5E800B4A909 = {
			isa = PBXGroup;
			children = (
				07C9F6AC2BDBF5E800B4A909 /* Algorithm */,
				07C9F6AB2BDBF5E800B4A909 /* Products */,
			);
			sourceTree = "<group>";
		};
		07C9F6AB2BDBF5E800B4A909 /* Products */ = {
			isa = PBXGroup;
			children = (
				07C9F6AA2BDBF5E800B4A909 /* Algorithm */,
			);
			name = Products;
			sourceTree = "<group>";
		};
		07C9F6AC2BDBF5E800B4A909 /* Algorithm */ = {
			isa = PBXGroup;
			children = (
				07C9F6B52BDBF85700B4A909 /* BaekJoon */,
			);
			path = Algorithm;
			sourceTree = "<group>";
		};
		07C9F6B42BDBF81600B4A909 /* Bronze */ = {
			isa = PBXGroup;
			children = (
				070CC4652C3BD45A005E4CEC /* [2743] */,
				074A191C2C38540C0046EB91 /* [27866] */,
				07231D2C2C36E5F6006BFE03 /* [1546] */,
				07231D292C3595B8006BFE03 /* [10811] */,
				0766BAEF2C29601C0088225F /* [3052] */,
				07155C102C27EBEE00F56730 /* [5597] */,
				07DA1D1B2C26DE6100C7D52F /* [10813] */,
				07F6D6A62C2558C70036D2E1 /* [10810] */,
				071F43ED2C24644200BD880A /* [2562] */,
				07118AE12C22817E0042A157 /* [10818] */,
				07118AD82C1FEC940042A157 /* [10871] */,
				07118AD52C1F2CCC0042A157 /* [10807] */,
				07118AD22C1D37BB0042A157 /* [10952] */,
				07118ACC2C1C849C0042A157 /* [2439] */,
				07118AC62C1A93390042A157 /* [2438] */,
				074425732C1295680037C0DA /* [11022] */,
				0744256D2C11DF3D0037C0DA /* [11021] */,
				074A7FB32C0D2BF800846938 /* [15552] */,
				074A7FAD2C0C6AC100846938 /* [25314] */,
				074A7FA72C0B21D300846938 /* [25304] */,
				074A7F982C05B7C200846938 /* [8393] */,
				07A1A63C2C0342CE00D2D56B /* [10950] */,
				07A1A6392C0226F000D2D56B /* [2739] */,
				0724839D2C00622B00403D21 /* [2480] */,
				073B38632BFF210800244F2C /* [2525] */,
				073B385A2BFDAA6F00244F2C /* [2884] */,
				073B384D2BFC62E700244F2C /* [14681] */,
				073B384A2BFB94DC00244F2C /* [2753] */,
				07BB76112BF9E4A3008EA6D1 /* [9498] */,
				076B3E0E2BF4A47200D512BD /* [1330] */,
				072A62AB2BF0B51E009AE73B /* [11382] */,
				07B85B6B2BEE052900F0A028 /* [2588] */,
				07B85B5C2BEB3A0E00F0A028 /* [10430] */,
				07C0BFCE2BE9F1E100ECC72E /* [18108] */,
				07760EE82BE77D7300BE524B /* [10926] */,
				076ED8A52BE362E30025369C /* [10869] */,
				076ED89C2BE202040025369C /* [1008] */,
				076ED8992BE201480025369C /* [10998] */,
				073ACD772BE0B021002DB53A /* [1001] */,
				07C9F6B72BDBF93000B4A909 /* [1000] */,
				07C9F6B62BDBF87600B4A909 /* [2557] */,
			);
			path = Bronze;
			sourceTree = "<group>";
		};
		07C9F6B52BDBF85700B4A909 /* BaekJoon */ = {
			isa = PBXGroup;
			children = (
				07C9F6B42BDBF81600B4A909 /* Bronze */,
			);
			path = BaekJoon;
			sourceTree = "<group>";
		};
		07C9F6B62BDBF87600B4A909 /* [2557] */ = {
			isa = PBXGroup;
			children = (
				07C9F6AD2BDBF5E800B4A909 /* main.cpp */,
			);
			path = "[2557]";
			sourceTree = "<group>";
		};
		07C9F6B72BDBF93000B4A909 /* [1000] */ = {
			isa = PBXGroup;
			children = (
				07C9F6BA2BDBF95D00B4A909 /* main.cpp */,
			);
			path = "[1000]";
			sourceTree = "<group>";
		};
		07DA1D1B2C26DE6100C7D52F /* [10813] */ = {
			isa = PBXGroup;
			children = (
				07DA1D1C2C26DE6B00C7D52F /* main.cpp */,
			);
			path = "[10813]";
			sourceTree = "<group>";
		};
		07F6D6A62C2558C70036D2E1 /* [10810] */ = {
			isa = PBXGroup;
			children = (
				07F6D6A72C2558D20036D2E1 /* main.cpp */,
			);
			path = "[10810]";
			sourceTree = "<group>";
		};
/* End PBXGroup section */

/* Begin PBXNativeTarget section */
		07C9F6A92BDBF5E800B4A909 /* Algorithm */ = {
			isa = PBXNativeTarget;
			buildConfigurationList = 07C9F6B12BDBF5E800B4A909 /* Build configuration list for PBXNativeTarget "Algorithm" */;
			buildPhases = (
				07C9F6A62BDBF5E800B4A909 /* Sources */,
				07C9F6A72BDBF5E800B4A909 /* Frameworks */,
				07C9F6A82BDBF5E800B4A909 /* CopyFiles */,
			);
			buildRules = (
			);
			dependencies = (
			);
			name = Algorithm;
			productName = Algorithm;
			productReference = 07C9F6AA2BDBF5E800B4A909 /* Algorithm */;
			productType = "com.apple.product-type.tool";
		};
/* End PBXNativeTarget section */

/* Begin PBXProject section */
		07C9F6A22BDBF5E800B4A909 /* Project object */ = {
			isa = PBXProject;
			attributes = {
				BuildIndependentTargetsInParallel = 1;
				LastUpgradeCheck = 1530;
				TargetAttributes = {
					07C9F6A92BDBF5E800B4A909 = {
						CreatedOnToolsVersion = 15.3;
					};
				};
			};
			buildConfigurationList = 07C9F6A52BDBF5E800B4A909 /* Build configuration list for PBXProject "Algorithm" */;
			compatibilityVersion = "Xcode 14.0";
			developmentRegion = en;
			hasScannedForEncodings = 0;
			knownRegions = (
				en,
				Base,
			);
			mainGroup = 07C9F6A12BDBF5E800B4A909;
			productRefGroup = 07C9F6AB2BDBF5E800B4A909 /* Products */;
			projectDirPath = "";
			projectRoot = "";
			targets = (
				07C9F6A92BDBF5E800B4A909 /* Algorithm */,
			);
		};
/* End PBXProject section */

/* Begin PBXSourcesBuildPhase section */
		07C9F6A62BDBF5E800B4A909 /* Sources */ = {
			isa = PBXSourcesBuildPhase;
			buildActionMask = 2147483647;
			files = (
				070CC4672C3BD464005E4CEC /* main.cpp in Sources */,
			);
			runOnlyForDeploymentPostprocessing = 0;
		};
/* End PBXSourcesBuildPhase section */

/* Begin XCBuildConfiguration section */
		07C9F6AF2BDBF5E800B4A909 /* Debug */ = {
			isa = XCBuildConfiguration;
			buildSettings = {
				ALWAYS_SEARCH_USER_PATHS = NO;
				ASSETCATALOG_COMPILER_GENERATE_SWIFT_ASSET_SYMBOL_EXTENSIONS = YES;
				CLANG_ANALYZER_NONNULL = YES;
				CLANG_ANALYZER_NUMBER_OBJECT_CONVERSION = YES_AGGRESSIVE;
				CLANG_CXX_LANGUAGE_STANDARD = "gnu++20";
				CLANG_ENABLE_MODULES = YES;
				CLANG_ENABLE_OBJC_ARC = YES;
				CLANG_ENABLE_OBJC_WEAK = YES;
				CLANG_WARN_BLOCK_CAPTURE_AUTORELEASING = YES;
				CLANG_WARN_BOOL_CONVERSION = YES;
				CLANG_WARN_COMMA = YES;
				CLANG_WARN_CONSTANT_CONVERSION = YES;
				CLANG_WARN_DEPRECATED_OBJC_IMPLEMENTATIONS = YES;
				CLANG_WARN_DIRECT_OBJC_ISA_USAGE = YES_ERROR;
				CLANG_WARN_DOCUMENTATION_COMMENTS = YES;
				CLANG_WARN_EMPTY_BODY = YES;
				CLANG_WARN_ENUM_CONVERSION = YES;
				CLANG_WARN_INFINITE_RECURSION = YES;
				CLANG_WARN_INT_CONVERSION = YES;
				CLANG_WARN_NON_LITERAL_NULL_CONVERSION = YES;
				CLANG_WARN_OBJC_IMPLICIT_RETAIN_SELF = YES;
				CLANG_WARN_OBJC_LITERAL_CONVERSION = YES;
				CLANG_WARN_OBJC_ROOT_CLASS = YES_ERROR;
				CLANG_WARN_QUOTED_INCLUDE_IN_FRAMEWORK_HEADER = YES;
				CLANG_WARN_RANGE_LOOP_ANALYSIS = YES;
				CLANG_WARN_STRICT_PROTOTYPES = YES;
				CLANG_WARN_SUSPICIOUS_MOVE = YES;
				CLANG_WARN_UNGUARDED_AVAILABILITY = YES_AGGRESSIVE;
				CLANG_WARN_UNREACHABLE_CODE = YES;
				CLANG_WARN__DUPLICATE_METHOD_MATCH = YES;
				COPY_PHASE_STRIP = NO;
				DEBUG_INFORMATION_FORMAT = dwarf;
				ENABLE_STRICT_OBJC_MSGSEND = YES;
				ENABLE_TESTABILITY = YES;
				ENABLE_USER_SCRIPT_SANDBOXING = YES;
				GCC_C_LANGUAGE_STANDARD = gnu17;
				GCC_DYNAMIC_NO_PIC = NO;
				GCC_NO_COMMON_BLOCKS = YES;
				GCC_OPTIMIZATION_LEVEL = 0;
				GCC_PREPROCESSOR_DEFINITIONS = (
					"DEBUG=1",
					"$(inherited)",
				);
				GCC_WARN_64_TO_32_BIT_CONVERSION = YES;
				GCC_WARN_ABOUT_RETURN_TYPE = YES_ERROR;
				GCC_WARN_UNDECLARED_SELECTOR = YES;
				GCC_WARN_UNINITIALIZED_AUTOS = YES_AGGRESSIVE;
				GCC_WARN_UNUSED_FUNCTION = YES;
				GCC_WARN_UNUSED_VARIABLE = YES;
				LOCALIZATION_PREFERS_STRING_CATALOGS = YES;
				MACOSX_DEPLOYMENT_TARGET = 14.1;
				MTL_ENABLE_DEBUG_INFO = INCLUDE_SOURCE;
				MTL_FAST_MATH = YES;
				ONLY_ACTIVE_ARCH = YES;
				SDKROOT = macosx;
			};
			name = Debug;
		};
		07C9F6B02BDBF5E800B4A909 /* Release */ = {
			isa = XCBuildConfiguration;
			buildSettings = {
				ALWAYS_SEARCH_USER_PATHS = NO;
				ASSETCATALOG_COMPILER_GENERATE_SWIFT_ASSET_SYMBOL_EXTENSIONS = YES;
				CLANG_ANALYZER_NONNULL = YES;
				CLANG_ANALYZER_NUMBER_OBJECT_CONVERSION = YES_AGGRESSIVE;
				CLANG_CXX_LANGUAGE_STANDARD = "gnu++20";
				CLANG_ENABLE_MODULES = YES;
				CLANG_ENABLE_OBJC_ARC = YES;
				CLANG_ENABLE_OBJC_WEAK = YES;
				CLANG_WARN_BLOCK_CAPTURE_AUTORELEASING = YES;
				CLANG_WARN_BOOL_CONVERSION = YES;
				CLANG_WARN_COMMA = YES;
				CLANG_WARN_CONSTANT_CONVERSION = YES;
				CLANG_WARN_DEPRECATED_OBJC_IMPLEMENTATIONS = YES;
				CLANG_WARN_DIRECT_OBJC_ISA_USAGE = YES_ERROR;
				CLANG_WARN_DOCUMENTATION_COMMENTS = YES;
				CLANG_WARN_EMPTY_BODY = YES;
				CLANG_WARN_ENUM_CONVERSION = YES;
				CLANG_WARN_INFINITE_RECURSION = YES;
				CLANG_WARN_INT_CONVERSION = YES;
				CLANG_WARN_NON_LITERAL_NULL_CONVERSION = YES;
				CLANG_WARN_OBJC_IMPLICIT_RETAIN_SELF = YES;
				CLANG_WARN_OBJC_LITERAL_CONVERSION = YES;
				CLANG_WARN_OBJC_ROOT_CLASS = YES_ERROR;
				CLANG_WARN_QUOTED_INCLUDE_IN_FRAMEWORK_HEADER = YES;
				CLANG_WARN_RANGE_LOOP_ANALYSIS = YES;
				CLANG_WARN_STRICT_PROTOTYPES = YES;
				CLANG_WARN_SUSPICIOUS_MOVE = YES;
				CLANG_WARN_UNGUARDED_AVAILABILITY = YES_AGGRESSIVE;
				CLANG_WARN_UNREACHABLE_CODE = YES;
				CLANG_WARN__DUPLICATE_METHOD_MATCH = YES;
				COPY_PHASE_STRIP = NO;
				DEBUG_INFORMATION_FORMAT = "dwarf-with-dsym";
				ENABLE_NS_ASSERTIONS = NO;
				ENABLE_STRICT_OBJC_MSGSEND = YES;
				ENABLE_USER_SCRIPT_SANDBOXING = YES;
				GCC_C_LANGUAGE_STANDARD = gnu17;
				GCC_NO_COMMON_BLOCKS = YES;
				GCC_WARN_64_TO_32_BIT_CONVERSION = YES;
				GCC_WARN_ABOUT_RETURN_TYPE = YES_ERROR;
				GCC_WARN_UNDECLARED_SELECTOR = YES;
				GCC_WARN_UNINITIALIZED_AUTOS = YES_AGGRESSIVE;
				GCC_WARN_UNUSED_FUNCTION = YES;
				GCC_WARN_UNUSED_VARIABLE = YES;
				LOCALIZATION_PREFERS_STRING_CATALOGS = YES;
				MACOSX_DEPLOYMENT_TARGET = 14.1;
				MTL_ENABLE_DEBUG_INFO = NO;
				MTL_FAST_MATH = YES;
				SDKROOT = macosx;
			};
			name = Release;
		};
		07C9F6B22BDBF5E800B4A909 /* Debug */ = {
			isa = XCBuildConfiguration;
			buildSettings = {
				CODE_SIGN_STYLE = Automatic;
				DEVELOPMENT_TEAM = VGKCD7Q8NW;
				ENABLE_HARDENED_RUNTIME = YES;
				PRODUCT_NAME = "$(TARGET_NAME)";
			};
			name = Debug;
		};
		07C9F6B32BDBF5E800B4A909 /* Release */ = {
			isa = XCBuildConfiguration;
			buildSettings = {
				CODE_SIGN_STYLE = Automatic;
				DEVELOPMENT_TEAM = VGKCD7Q8NW;
				ENABLE_HARDENED_RUNTIME = YES;
				PRODUCT_NAME = "$(TARGET_NAME)";
			};
			name = Release;
		};
/* End XCBuildConfiguration section */

/* Begin XCConfigurationList section */
		07C9F6A52BDBF5E800B4A909 /* Build configuration list for PBXProject "Algorithm" */ = {
			isa = XCConfigurationList;
			buildConfigurations = (
				07C9F6AF2BDBF5E800B4A909 /* Debug */,
				07C9F6B02BDBF5E800B4A909 /* Release */,
			);
			defaultConfigurationIsVisible = 0;
			defaultConfigurationName = Release;
		};
		07C9F6B12BDBF5E800B4A909 /* Build configuration list for PBXNativeTarget "Algorithm" */ = {
			isa = XCConfigurationList;
			buildConfigurations = (
				07C9F6B22BDBF5E800B4A909 /* Debug */,
				07C9F6B32BDBF5E800B4A909 /* Release */,
			);
			defaultConfigurationIsVisible = 0;
			defaultConfigurationName = Release;
		};
/* End XCConfigurationList section */
	};
	rootObject = 07C9F6A22BDBF5E800B4A909 /* Project object */;
}
